<?xml version="1.0" encoding="utf-8"?>
<Project ToolsVersion="4.0" xmlns="http://schemas.microsoft.com/developer/msbuild/2003">
  <ItemGroup>
    <Filter Include="Resource Files">
      <UniqueIdentifier>{67DA6AB6-F800-4c08-8B7A-83BB121AAD01}</UniqueIdentifier>
      <Extensions>rc;ico;cur;bmp;dlg;rc2;rct;bin;rgs;gif;jpg;jpeg;jpe;resx;tiff;tif;png;wav;mfcribbon-ms</Extensions>
    </Filter>
    <Filter Include="Application">
      <UniqueIdentifier>{4091fa36-50e8-4686-b9dc-7fd3c25c41f8}</UniqueIdentifier>
    </Filter>
    <Filter Include="Application\System">
      <UniqueIdentifier>{d4fde43f-3565-4050-9dae-3bc887da3d18}</UniqueIdentifier>
    </Filter>
    <Filter Include="Application\Component">
      <UniqueIdentifier>{e81663d4-730d-4706-9217-3a227a49ae3f}</UniqueIdentifier>
    </Filter>
  </ItemGroup>
  <ItemGroup>
    <ClCompile Include="application\application.cc">
      <Filter>Application</Filter>
    </ClCompile>
    <ClCompile Include="application\system\levelsystem.cc">
      <Filter>Application\System</Filter>
    </ClCompile>
    <ClCompile Include="main.cc" />
    <ClCompile Include="application\system\interpretersystem.cc" />
  </ItemGroup>
  <ItemGroup>
    <ClInclude Include="application\component\level.h">
      <Filter>Application\Component</Filter>
    </ClInclude>
    <ClInclude Include="application\application.h">
      <Filter>Application</Filter>
    </ClInclude>
    <ClInclude Include="application\system\levelsystem.h">
      <Filter>Application\System</Filter>
    </ClInclude>
    <ClInclude Include="application\system\interpretersystem.h" />
  </ItemGroup>
</Project>